
Microsoft Visual Studio Solution File, Format Version 12.00
# Visual Studio Version 17
VisualStudioVersion = 17.7.34009.444
MinimumVisualStudioVersion = 10.0.40219.1
Project("{FAE04EC0-301F-11D3-BF4B-00C04F79EFBC}") = "Client", "Client\Client.csproj", "{29E12EBA-9241-4DEA-A5EB-F3D4D2DA0FDA}"
EndProject
Project("{FAE04EC0-301F-11D3-BF4B-00C04F79EFBC}") = "WithusUI", "WithusUI\WithusUI.csproj", "{2E7D9C8A-E4F2-4483-A610-3BBA400928A7}"
EndProject
Global
	GlobalSection(SolutionConfigurationPlatforms) = preSolution
		Debug|Any CPU = Debug|Any CPU
		Release|Any CPU = Release|Any CPU
	EndGlobalSection
	GlobalSection(ProjectConfigurationPlatforms) = postSolution
		{29E12EBA-9241-4DEA-A5EB-F3D4D2DA0FDA}.Debug|Any CPU.ActiveCfg = Debug|Any CPU
		{29E12EBA-9241-4DEA-A5EB-F3D4D2DA0FDA}.Debug|Any CPU.Build.0 = Debug|Any CPU
		{29E12EBA-9241-4DEA-A5EB-F3D4D2DA0FDA}.Release|Any CPU.ActiveCfg = Release|Any CPU
		{29E12EBA-9241-4DEA-A5EB-F3D4D2DA0FDA}.Release|Any CPU.Build.0 = Release|Any CPU
		{2E7D9C8A-E4F2-4483-A610-3BBA400928A7}.Debug|Any CPU.ActiveCfg = Debug|Any CPU
		{2E7D9C8A-E4F2-4483-A610-3BBA400928A7}.Debug|Any CPU.Build.0 = Debug|Any CPU
		{2E7D9C8A-E4F2-4483-A610-3BBA400928A7}.Release|Any CPU.ActiveCfg = Release|Any CPU
		{2E7D9C8A-E4F2-4483-A610-3BBA400928A7}.Release|Any CPU.Build.0 = Release|Any CPU
	EndGlobalSection
	GlobalSection(SolutionProperties) = preSolution
		HideSolutionNode = FALSE
	EndGlobalSection
	GlobalSection(ExtensibilityGlobals) = postSolution
		SolutionGuid = {F761EFA2-9FD1-472E-9577-C613A50EBA66}
	EndGlobalSection
EndGlobal
